
Microsoft Visual Studio Solution File, Format Version 12.00
# Visual Studio Version 17
VisualStudioVersion = 17.10.34928.147
MinimumVisualStudioVersion = 10.0.40219.1
Project("{FAE04EC0-301F-11D3-BF4B-00C04F79EFBC}") = "BlazorWebApp", "BlazorWebApp\BlazorWebApp\BlazorWebApp.csproj", "{8E2CD70A-2977-4775-A8C2-E3355409A422}"
EndProject
Project("{FAE04EC0-301F-11D3-BF4B-00C04F79EFBC}") = "BlazorWebApp.Client", "BlazorWebApp\BlazorWebApp.Client\BlazorWebApp.Client.csproj", "{500A2D0B-3AD1-43CE-A65D-CE92D8E53BE8}"
EndProject
Project("{FAE04EC0-301F-11D3-BF4B-00C04F79EFBC}") = "Data", "Data\Data.csproj", "{1EA7796B-F753-4B16-9797-6BFAA5EEB65E}"
EndProject
Project("{FAE04EC0-301F-11D3-BF4B-00C04F79EFBC}") = "Data.Models", "Data.Models\Data.Models.csproj", "{8F9BE105-2452-4B92-A9A3-EE14A87A0766}"
EndProject
Project("{FAE04EC0-301F-11D3-BF4B-00C04F79EFBC}") = "SharedComponents", "SharedComponents\SharedComponents.csproj", "{3AEBF91D-4759-4BBD-A7A0-CB203271C078}"
EndProject
Global
	GlobalSection(SolutionConfigurationPlatforms) = preSolution
		Debug|Any CPU = Debug|Any CPU
		Release|Any CPU = Release|Any CPU
	EndGlobalSection
	GlobalSection(ProjectConfigurationPlatforms) = postSolution
		{8E2CD70A-2977-4775-A8C2-E3355409A422}.Debug|Any CPU.ActiveCfg = Debug|Any CPU
		{8E2CD70A-2977-4775-A8C2-E3355409A422}.Debug|Any CPU.Build.0 = Debug|Any CPU
		{8E2CD70A-2977-4775-A8C2-E3355409A422}.Release|Any CPU.ActiveCfg = Release|Any CPU
		{8E2CD70A-2977-4775-A8C2-E3355409A422}.Release|Any CPU.Build.0 = Release|Any CPU
		{500A2D0B-3AD1-43CE-A65D-CE92D8E53BE8}.Debug|Any CPU.ActiveCfg = Debug|Any CPU
		{500A2D0B-3AD1-43CE-A65D-CE92D8E53BE8}.Debug|Any CPU.Build.0 = Debug|Any CPU
		{500A2D0B-3AD1-43CE-A65D-CE92D8E53BE8}.Release|Any CPU.ActiveCfg = Release|Any CPU
		{500A2D0B-3AD1-43CE-A65D-CE92D8E53BE8}.Release|Any CPU.Build.0 = Release|Any CPU
		{1EA7796B-F753-4B16-9797-6BFAA5EEB65E}.Debug|Any CPU.ActiveCfg = Debug|Any CPU
		{1EA7796B-F753-4B16-9797-6BFAA5EEB65E}.Debug|Any CPU.Build.0 = Debug|Any CPU
		{1EA7796B-F753-4B16-9797-6BFAA5EEB65E}.Release|Any CPU.ActiveCfg = Release|Any CPU
		{1EA7796B-F753-4B16-9797-6BFAA5EEB65E}.Release|Any CPU.Build.0 = Release|Any CPU
		{8F9BE105-2452-4B92-A9A3-EE14A87A0766}.Debug|Any CPU.ActiveCfg = Debug|Any CPU
		{8F9BE105-2452-4B92-A9A3-EE14A87A0766}.Debug|Any CPU.Build.0 = Debug|Any CPU
		{8F9BE105-2452-4B92-A9A3-EE14A87A0766}.Release|Any CPU.ActiveCfg = Release|Any CPU
		{8F9BE105-2452-4B92-A9A3-EE14A87A0766}.Release|Any CPU.Build.0 = Release|Any CPU
		{3AEBF91D-4759-4BBD-A7A0-CB203271C078}.Debug|Any CPU.ActiveCfg = Debug|Any CPU
		{3AEBF91D-4759-4BBD-A7A0-CB203271C078}.Debug|Any CPU.Build.0 = Debug|Any CPU
		{3AEBF91D-4759-4BBD-A7A0-CB203271C078}.Release|Any CPU.ActiveCfg = Release|Any CPU
		{3AEBF91D-4759-4BBD-A7A0-CB203271C078}.Release|Any CPU.Build.0 = Release|Any CPU
	EndGlobalSection
	GlobalSection(SolutionProperties) = preSolution
		HideSolutionNode = FALSE
	EndGlobalSection
	GlobalSection(ExtensibilityGlobals) = postSolution
		SolutionGuid = {FA49DC8E-F4DA-4735-9D0B-14FB9BA89682}
	EndGlobalSection
EndGlobal
